
Microsoft Visual Studio Solution File, Format Version 12.00
# Visual Studio Version 17
VisualStudioVersion = 17.0.31903.59
MinimumVisualStudioVersion = 10.0.40219.1
Project("{2150E333-8FDC-42A3-9474-1A3956D46DE8}") = "src", "src", "{3A3CDABE-4223-495D-8A78-884518F548AC}"
EndProject
Project("{FAE04EC0-301F-11D3-BF4B-00C04F79EFBC}") = "FlipLeaf.Engine", "src\FlipLeaf.Engine\FlipLeaf.Engine.csproj", "{489DFC33-6AF5-45A2-88D2-A107BB8FEDB5}"
EndProject
Project("{2150E333-8FDC-42A3-9474-1A3956D46DE8}") = "samples", "samples", "{9890A086-F49B-4A9B-9DE7-06BA89203A2F}"
EndProject
Project("{FAE04EC0-301F-11D3-BF4B-00C04F79EFBC}") = "my-site", "samples\my-site\my-site.csproj", "{BD593676-CF39-4E10-896D-49CBC75DE4FD}"
EndProject
Project("{FAE04EC0-301F-11D3-BF4B-00C04F79EFBC}") = "FlipLeaf.Sdk", "src\FlipLeaf.Sdk\FlipLeaf.Sdk.csproj", "{FD990614-9472-4AB4-AD16-E3EFCED88A54}"
EndProject
Project("{2150E333-8FDC-42A3-9474-1A3956D46DE8}") = "Solution Items", "Solution Items", "{8EC462FD-D22E-90A8-E5CE-7E832BA40C5D}"
	ProjectSection(SolutionItems) = preProject
		.editorconfig = .editorconfig
		.gitignore = .gitignore
	EndProjectSection
EndProject
Project("{2150E333-8FDC-42A3-9474-1A3956D46DE8}") = "tests", "tests", "{02EA681E-C7D8-13C7-8484-4AC65E1B71E8}"
EndProject
Project("{FAE04EC0-301F-11D3-BF4B-00C04F79EFBC}") = "FlipLeaf.Engine.Tests", "tests\FlipLeaf.Engine.Tests\FlipLeaf.Engine.Tests.csproj", "{9300BE55-5BFA-4F1E-BC6B-DA4A1CE9EE5A}"
EndProject
Global
	GlobalSection(SolutionConfigurationPlatforms) = preSolution
		Debug|Any CPU = Debug|Any CPU
		Release|Any CPU = Release|Any CPU
	EndGlobalSection
	GlobalSection(ProjectConfigurationPlatforms) = postSolution
		{489DFC33-6AF5-45A2-88D2-A107BB8FEDB5}.Debug|Any CPU.ActiveCfg = Debug|Any CPU
		{489DFC33-6AF5-45A2-88D2-A107BB8FEDB5}.Debug|Any CPU.Build.0 = Debug|Any CPU
		{489DFC33-6AF5-45A2-88D2-A107BB8FEDB5}.Release|Any CPU.ActiveCfg = Release|Any CPU
		{489DFC33-6AF5-45A2-88D2-A107BB8FEDB5}.Release|Any CPU.Build.0 = Release|Any CPU
		{BD593676-CF39-4E10-896D-49CBC75DE4FD}.Debug|Any CPU.ActiveCfg = Debug|Any CPU
		{BD593676-CF39-4E10-896D-49CBC75DE4FD}.Debug|Any CPU.Build.0 = Debug|Any CPU
		{BD593676-CF39-4E10-896D-49CBC75DE4FD}.Release|Any CPU.ActiveCfg = Release|Any CPU
		{BD593676-CF39-4E10-896D-49CBC75DE4FD}.Release|Any CPU.Build.0 = Release|Any CPU
		{FD990614-9472-4AB4-AD16-E3EFCED88A54}.Debug|Any CPU.ActiveCfg = Debug|Any CPU
		{FD990614-9472-4AB4-AD16-E3EFCED88A54}.Debug|Any CPU.Build.0 = Debug|Any CPU
		{FD990614-9472-4AB4-AD16-E3EFCED88A54}.Release|Any CPU.ActiveCfg = Release|Any CPU
		{FD990614-9472-4AB4-AD16-E3EFCED88A54}.Release|Any CPU.Build.0 = Release|Any CPU
		{9300BE55-5BFA-4F1E-BC6B-DA4A1CE9EE5A}.Debug|Any CPU.ActiveCfg = Debug|Any CPU
		{9300BE55-5BFA-4F1E-BC6B-DA4A1CE9EE5A}.Debug|Any CPU.Build.0 = Debug|Any CPU
		{9300BE55-5BFA-4F1E-BC6B-DA4A1CE9EE5A}.Release|Any CPU.ActiveCfg = Release|Any CPU
		{9300BE55-5BFA-4F1E-BC6B-DA4A1CE9EE5A}.Release|Any CPU.Build.0 = Release|Any CPU
	EndGlobalSection
	GlobalSection(SolutionProperties) = preSolution
		HideSolutionNode = FALSE
	EndGlobalSection
	GlobalSection(NestedProjects) = preSolution
		{489DFC33-6AF5-45A2-88D2-A107BB8FEDB5} = {3A3CDABE-4223-495D-8A78-884518F548AC}
		{BD593676-CF39-4E10-896D-49CBC75DE4FD} = {9890A086-F49B-4A9B-9DE7-06BA89203A2F}
		{FD990614-9472-4AB4-AD16-E3EFCED88A54} = {3A3CDABE-4223-495D-8A78-884518F548AC}
		{9300BE55-5BFA-4F1E-BC6B-DA4A1CE9EE5A} = {02EA681E-C7D8-13C7-8484-4AC65E1B71E8}
	EndGlobalSection
	GlobalSection(ExtensibilityGlobals) = postSolution
		SolutionGuid = {ECBCA471-E51D-458B-AEEF-18DE446F475F}
	EndGlobalSection
EndGlobal
